
Microsoft Visual Studio Solution File, Format Version 12.00
# Visual Studio Version 17
VisualStudioVersion = 17.13.35931.197 d17.13
MinimumVisualStudioVersion = 10.0.40219.1
Project("{FAE04EC0-301F-11D3-BF4B-00C04F79EFBC}") = "Dayli Blog", "Dayli Blog.csproj", "{3016133B-8679-4099-AE07-64A0A1EF39BA}"
EndProject
Global
	GlobalSection(SolutionConfigurationPlatforms) = preSolution
		Debug|Any CPU = Debug|Any CPU
		Release|Any CPU = Release|Any CPU
	EndGlobalSection
	GlobalSection(ProjectConfigurationPlatforms) = postSolution
		{3016133B-8679-4099-AE07-64A0A1EF39BA}.Debug|Any CPU.ActiveCfg = Debug|Any CPU
		{3016133B-8679-4099-AE07-64A0A1EF39BA}.Debug|Any CPU.Build.0 = Debug|Any CPU
		{3016133B-8679-4099-AE07-64A0A1EF39BA}.Release|Any CPU.ActiveCfg = Release|Any CPU
		{3016133B-8679-4099-AE07-64A0A1EF39BA}.Release|Any CPU.Build.0 = Release|Any CPU
	EndGlobalSection
	GlobalSection(SolutionProperties) = preSolution
		HideSolutionNode = FALSE
	EndGlobalSection
	GlobalSection(ExtensibilityGlobals) = postSolution
		SolutionGuid = {C31AE3AF-BF79-4428-B0CA-AE3E23FC864F}
	EndGlobalSection
EndGlobal
